
Microsoft Visual Studio Solution File, Format Version 12.00
# Visual Studio 14
VisualStudioVersion = 14.0.25420.1
MinimumVisualStudioVersion = 10.0.40219.1
Project("{FAE04EC0-301F-11D3-BF4B-00C04F79EFBC}") = "AlgorithmDemo", "Algorithm\AlgorithmDemo.csproj", "{8B49BC91-06F7-4AE6-8F2E-04DD5FE07632}"
EndProject
Project("{FAE04EC0-301F-11D3-BF4B-00C04F79EFBC}") = "LintCode", "LintCode\LintCode.csproj", "{F67A43A5-0E2D-44D9-9602-FBE640B7AA9B}"
EndProject
Project("{FAE04EC0-301F-11D3-BF4B-00C04F79EFBC}") = "WebCrawler", "WebCrawler\WebCrawler.csproj", "{AB3BC0AD-375A-4B54-8594-53CA18FA332C}"
EndProject
Global
	GlobalSection(SolutionConfigurationPlatforms) = preSolution
		Debug|Any CPU = Debug|Any CPU
		Release|Any CPU = Release|Any CPU
	EndGlobalSection
	GlobalSection(ProjectConfigurationPlatforms) = postSolution
		{8B49BC91-06F7-4AE6-8F2E-04DD5FE07632}.Debug|Any CPU.ActiveCfg = Debug|Any CPU
		{8B49BC91-06F7-4AE6-8F2E-04DD5FE07632}.Debug|Any CPU.Build.0 = Debug|Any CPU
		{8B49BC91-06F7-4AE6-8F2E-04DD5FE07632}.Release|Any CPU.ActiveCfg = Release|Any CPU
		{8B49BC91-06F7-4AE6-8F2E-04DD5FE07632}.Release|Any CPU.Build.0 = Release|Any CPU
		{F67A43A5-0E2D-44D9-9602-FBE640B7AA9B}.Debug|Any CPU.ActiveCfg = Debug|Any CPU
		{F67A43A5-0E2D-44D9-9602-FBE640B7AA9B}.Debug|Any CPU.Build.0 = Debug|Any CPU
		{F67A43A5-0E2D-44D9-9602-FBE640B7AA9B}.Release|Any CPU.ActiveCfg = Release|Any CPU
		{F67A43A5-0E2D-44D9-9602-FBE640B7AA9B}.Release|Any CPU.Build.0 = Release|Any CPU
		{AB3BC0AD-375A-4B54-8594-53CA18FA332C}.Debug|Any CPU.ActiveCfg = Debug|Any CPU
		{AB3BC0AD-375A-4B54-8594-53CA18FA332C}.Debug|Any CPU.Build.0 = Debug|Any CPU
		{AB3BC0AD-375A-4B54-8594-53CA18FA332C}.Release|Any CPU.ActiveCfg = Release|Any CPU
		{AB3BC0AD-375A-4B54-8594-53CA18FA332C}.Release|Any CPU.Build.0 = Release|Any CPU
	EndGlobalSection
	GlobalSection(SolutionProperties) = preSolution
		HideSolutionNode = FALSE
	EndGlobalSection
EndGlobal
